
Microsoft Visual Studio Solution File, Format Version 12.00
# Visual Studio 15
Project("{FAE04EC0-301F-11D3-BF4B-00C04F79EFBC}") = "Assembly-CSharp", "Assembly-CSharp.csproj", "{10548D7D-1DE9-B0B2-C2C1-060CE11CED1A}"
EndProject
Project("{FAE04EC0-301F-11D3-BF4B-00C04F79EFBC}") = "Assembly-CSharp-Editor", "Assembly-CSharp-Editor.csproj", "{D6B5FD9E-9241-8187-F4C2-B1B7E2D66063}"
EndProject
Global
	GlobalSection(SolutionConfigurationPlatforms) = preSolution
		Debug|Any CPU = Debug|Any CPU
		Release|Any CPU = Release|Any CPU
	EndGlobalSection
	GlobalSection(ProjectConfigurationPlatforms) = postSolution
		{10548D7D-1DE9-B0B2-C2C1-060CE11CED1A}.Debug|Any CPU.ActiveCfg = Debug|Any CPU
		{10548D7D-1DE9-B0B2-C2C1-060CE11CED1A}.Debug|Any CPU.Build.0 = Debug|Any CPU
		{10548D7D-1DE9-B0B2-C2C1-060CE11CED1A}.Release|Any CPU.ActiveCfg = Release|Any CPU
		{10548D7D-1DE9-B0B2-C2C1-060CE11CED1A}.Release|Any CPU.Build.0 = Release|Any CPU
		{D6B5FD9E-9241-8187-F4C2-B1B7E2D66063}.Debug|Any CPU.ActiveCfg = Debug|Any CPU
		{D6B5FD9E-9241-8187-F4C2-B1B7E2D66063}.Debug|Any CPU.Build.0 = Debug|Any CPU
		{D6B5FD9E-9241-8187-F4C2-B1B7E2D66063}.Release|Any CPU.ActiveCfg = Release|Any CPU
		{D6B5FD9E-9241-8187-F4C2-B1B7E2D66063}.Release|Any CPU.Build.0 = Release|Any CPU
	EndGlobalSection
	GlobalSection(SolutionProperties) = preSolution
		HideSolutionNode = FALSE
	EndGlobalSection
EndGlobal
