
Microsoft Visual Studio Solution File, Format Version 12.00
# Visual Studio 15
Project("{FAE04EC0-301F-11D3-BF4B-00C04F79EFBC}") = "Unity.XR.Interaction.Toolkit.Samples.DeviceSimulator", "Unity.XR.Interaction.Toolkit.Samples.DeviceSimulator.csproj", "{9CB3A5D3-AFCC-D0EB-A4DF-E78A010AB65B}"
EndProject
Project("{FAE04EC0-301F-11D3-BF4B-00C04F79EFBC}") = "Assembly-CSharp", "Assembly-CSharp.csproj", "{10548D7D-1DE9-B0B2-C2C1-060CE11CED1A}"
EndProject
Project("{FAE04EC0-301F-11D3-BF4B-00C04F79EFBC}") = "Assembly-CSharp-Editor", "Assembly-CSharp-Editor.csproj", "{D6B5FD9E-9241-8187-F4C2-B1B7E2D66063}"
EndProject
Project("{FAE04EC0-301F-11D3-BF4B-00C04F79EFBC}") = "Unity.XR.Interaction.Toolkit.Samples.StarterAssets.Editor", "Unity.XR.Interaction.Toolkit.Samples.StarterAssets.Editor.csproj", "{EDB0FED0-C084-A2BB-38D1-1DFCB76F297E}"
EndProject
Project("{FAE04EC0-301F-11D3-BF4B-00C04F79EFBC}") = "Unity.XR.Interaction.Toolkit.Samples.StarterAssets", "Unity.XR.Interaction.Toolkit.Samples.StarterAssets.csproj", "{A19A91A3-80DE-B8CE-E991-C9F083397C86}"
EndProject
Global
	GlobalSection(SolutionConfigurationPlatforms) = preSolution
		Debug|Any CPU = Debug|Any CPU
		Release|Any CPU = Release|Any CPU
	EndGlobalSection
	GlobalSection(ProjectConfigurationPlatforms) = postSolution
		{9CB3A5D3-AFCC-D0EB-A4DF-E78A010AB65B}.Debug|Any CPU.ActiveCfg = Debug|Any CPU
		{9CB3A5D3-AFCC-D0EB-A4DF-E78A010AB65B}.Debug|Any CPU.Build.0 = Debug|Any CPU
		{9CB3A5D3-AFCC-D0EB-A4DF-E78A010AB65B}.Release|Any CPU.ActiveCfg = Release|Any CPU
		{9CB3A5D3-AFCC-D0EB-A4DF-E78A010AB65B}.Release|Any CPU.Build.0 = Release|Any CPU
		{10548D7D-1DE9-B0B2-C2C1-060CE11CED1A}.Debug|Any CPU.ActiveCfg = Debug|Any CPU
		{10548D7D-1DE9-B0B2-C2C1-060CE11CED1A}.Debug|Any CPU.Build.0 = Debug|Any CPU
		{10548D7D-1DE9-B0B2-C2C1-060CE11CED1A}.Release|Any CPU.ActiveCfg = Release|Any CPU
		{10548D7D-1DE9-B0B2-C2C1-060CE11CED1A}.Release|Any CPU.Build.0 = Release|Any CPU
		{D6B5FD9E-9241-8187-F4C2-B1B7E2D66063}.Debug|Any CPU.ActiveCfg = Debug|Any CPU
		{D6B5FD9E-9241-8187-F4C2-B1B7E2D66063}.Debug|Any CPU.Build.0 = Debug|Any CPU
		{D6B5FD9E-9241-8187-F4C2-B1B7E2D66063}.Release|Any CPU.ActiveCfg = Release|Any CPU
		{D6B5FD9E-9241-8187-F4C2-B1B7E2D66063}.Release|Any CPU.Build.0 = Release|Any CPU
		{EDB0FED0-C084-A2BB-38D1-1DFCB76F297E}.Debug|Any CPU.ActiveCfg = Debug|Any CPU
		{EDB0FED0-C084-A2BB-38D1-1DFCB76F297E}.Debug|Any CPU.Build.0 = Debug|Any CPU
		{EDB0FED0-C084-A2BB-38D1-1DFCB76F297E}.Release|Any CPU.ActiveCfg = Release|Any CPU
		{EDB0FED0-C084-A2BB-38D1-1DFCB76F297E}.Release|Any CPU.Build.0 = Release|Any CPU
		{A19A91A3-80DE-B8CE-E991-C9F083397C86}.Debug|Any CPU.ActiveCfg = Debug|Any CPU
		{A19A91A3-80DE-B8CE-E991-C9F083397C86}.Debug|Any CPU.Build.0 = Debug|Any CPU
		{A19A91A3-80DE-B8CE-E991-C9F083397C86}.Release|Any CPU.ActiveCfg = Release|Any CPU
		{A19A91A3-80DE-B8CE-E991-C9F083397C86}.Release|Any CPU.Build.0 = Release|Any CPU
	EndGlobalSection
	GlobalSection(SolutionProperties) = preSolution
		HideSolutionNode = FALSE
	EndGlobalSection
EndGlobal
